
Microsoft Visual Studio Solution File, Format Version 12.00
# Visual Studio Version 16
VisualStudioVersion = 16.0.30717.126
MinimumVisualStudioVersion = 10.0.40219.1
Project("{FAE04EC0-301F-11D3-BF4B-00C04F79EFBC}") = "TrashBin.Functions", "TrashBin.Functions\TrashBin.Functions.csproj", "{6E7801DF-92F7-4785-929F-18D61934E4C3}"
EndProject
Project("{FAE04EC0-301F-11D3-BF4B-00C04F79EFBC}") = "TrashBin.Entities", "TrashBin.Entities\TrashBin.Entities.csproj", "{557DF66F-87E0-49BA-B117-EA53A5827A6A}"
EndProject
Global
	GlobalSection(SolutionConfigurationPlatforms) = preSolution
		Debug|Any CPU = Debug|Any CPU
		Release|Any CPU = Release|Any CPU
	EndGlobalSection
	GlobalSection(ProjectConfigurationPlatforms) = postSolution
		{6E7801DF-92F7-4785-929F-18D61934E4C3}.Debug|Any CPU.ActiveCfg = Debug|Any CPU
		{6E7801DF-92F7-4785-929F-18D61934E4C3}.Debug|Any CPU.Build.0 = Debug|Any CPU
		{6E7801DF-92F7-4785-929F-18D61934E4C3}.Release|Any CPU.ActiveCfg = Release|Any CPU
		{6E7801DF-92F7-4785-929F-18D61934E4C3}.Release|Any CPU.Build.0 = Release|Any CPU
		{557DF66F-87E0-49BA-B117-EA53A5827A6A}.Debug|Any CPU.ActiveCfg = Debug|Any CPU
		{557DF66F-87E0-49BA-B117-EA53A5827A6A}.Debug|Any CPU.Build.0 = Debug|Any CPU
		{557DF66F-87E0-49BA-B117-EA53A5827A6A}.Release|Any CPU.ActiveCfg = Release|Any CPU
		{557DF66F-87E0-49BA-B117-EA53A5827A6A}.Release|Any CPU.Build.0 = Release|Any CPU
	EndGlobalSection
	GlobalSection(SolutionProperties) = preSolution
		HideSolutionNode = FALSE
	EndGlobalSection
	GlobalSection(ExtensibilityGlobals) = postSolution
		SolutionGuid = {3B38BB89-FDE4-44BB-83E7-A33F405E4075}
	EndGlobalSection
EndGlobal
